
Microsoft Visual Studio Solution File, Format Version 12.00
# Visual Studio Version 17
VisualStudioVersion = 17.5.33627.172
MinimumVisualStudioVersion = 10.0.40219.1
Project("{FAE04EC0-301F-11D3-BF4B-00C04F79EFBC}") = "MatiTechShop", "MatiTechShop\MatiTechShop.csproj", "{359A31ED-2FF6-4D78-A2F0-A3071BB512A0}"
EndProject
Global
	GlobalSection(SolutionConfigurationPlatforms) = preSolution
		Debug|Any CPU = Debug|Any CPU
		Release|Any CPU = Release|Any CPU
	EndGlobalSection
	GlobalSection(ProjectConfigurationPlatforms) = postSolution
		{359A31ED-2FF6-4D78-A2F0-A3071BB512A0}.Debug|Any CPU.ActiveCfg = Debug|Any CPU
		{359A31ED-2FF6-4D78-A2F0-A3071BB512A0}.Debug|Any CPU.Build.0 = Debug|Any CPU
		{359A31ED-2FF6-4D78-A2F0-A3071BB512A0}.Release|Any CPU.ActiveCfg = Release|Any CPU
		{359A31ED-2FF6-4D78-A2F0-A3071BB512A0}.Release|Any CPU.Build.0 = Release|Any CPU
	EndGlobalSection
	GlobalSection(SolutionProperties) = preSolution
		HideSolutionNode = FALSE
	EndGlobalSection
	GlobalSection(ExtensibilityGlobals) = postSolution
		SolutionGuid = {21DC5699-CB98-4A67-87EC-2AAAEC8FBA25}
	EndGlobalSection
EndGlobal
